
Microsoft Visual Studio Solution File, Format Version 12.00
# Visual Studio Version 16
VisualStudioVersion = 16.0.29025.244
MinimumVisualStudioVersion = 10.0.40219.1
Project("{FAE04EC0-301F-11D3-BF4B-00C04F79EFBC}") = "Suyog", "Suyog\Suyog.csproj", "{3EF60E19-2490-4BCE-AEF9-6DD6906956D3}"
EndProject
Global
	GlobalSection(SolutionConfigurationPlatforms) = preSolution
		Debug|Any CPU = Debug|Any CPU
		Release|Any CPU = Release|Any CPU
	EndGlobalSection
	GlobalSection(ProjectConfigurationPlatforms) = postSolution
		{3EF60E19-2490-4BCE-AEF9-6DD6906956D3}.Debug|Any CPU.ActiveCfg = Debug|Any CPU
		{3EF60E19-2490-4BCE-AEF9-6DD6906956D3}.Debug|Any CPU.Build.0 = Debug|Any CPU
		{3EF60E19-2490-4BCE-AEF9-6DD6906956D3}.Release|Any CPU.ActiveCfg = Release|Any CPU
		{3EF60E19-2490-4BCE-AEF9-6DD6906956D3}.Release|Any CPU.Build.0 = Release|Any CPU
	EndGlobalSection
	GlobalSection(SolutionProperties) = preSolution
		HideSolutionNode = FALSE
	EndGlobalSection
	GlobalSection(ExtensibilityGlobals) = postSolution
		SolutionGuid = {EEE77BB3-07AC-47F7-8031-12CBF92239CD}
	EndGlobalSection
EndGlobal
